
Microsoft Visual Studio Solution File, Format Version 12.00
# Visual Studio Version 17
VisualStudioVersion = 17.14.36414.22 d17.14
MinimumVisualStudioVersion = 10.0.40219.1
Project("{FAE04EC0-301F-11D3-BF4B-00C04F79EFBC}") = "Case1-EmployeeManagementSystem", "Case1-EmployeeManagementSystem\Case1-EmployeeManagementSystem.csproj", "{4723A504-C80C-4D2E-8718-3EEA2527108D}"
EndProject
Global
	GlobalSection(SolutionConfigurationPlatforms) = preSolution
		Debug|Any CPU = Debug|Any CPU
		Release|Any CPU = Release|Any CPU
	EndGlobalSection
	GlobalSection(ProjectConfigurationPlatforms) = postSolution
		{4723A504-C80C-4D2E-8718-3EEA2527108D}.Debug|Any CPU.ActiveCfg = Debug|Any CPU
		{4723A504-C80C-4D2E-8718-3EEA2527108D}.Debug|Any CPU.Build.0 = Debug|Any CPU
		{4723A504-C80C-4D2E-8718-3EEA2527108D}.Release|Any CPU.ActiveCfg = Release|Any CPU
		{4723A504-C80C-4D2E-8718-3EEA2527108D}.Release|Any CPU.Build.0 = Release|Any CPU
	EndGlobalSection
	GlobalSection(SolutionProperties) = preSolution
		HideSolutionNode = FALSE
	EndGlobalSection
	GlobalSection(ExtensibilityGlobals) = postSolution
		SolutionGuid = {7E67B4E7-2AB3-451E-A523-A35A526764D6}
	EndGlobalSection
EndGlobal
